
Microsoft Visual Studio Solution File, Format Version 12.00
# Visual Studio Version 16
VisualStudioVersion = 16.0.30804.86
MinimumVisualStudioVersion = 10.0.40219.1
Project("{FAE04EC0-301F-11D3-BF4B-00C04F79EFBC}") = "flow", "flow\flow.csproj", "{8D63CEBA-D817-4F67-8FF8-31C76C1AA58D}"
EndProject
Global
	GlobalSection(SolutionConfigurationPlatforms) = preSolution
		Debug|Any CPU = Debug|Any CPU
		Release|Any CPU = Release|Any CPU
	EndGlobalSection
	GlobalSection(ProjectConfigurationPlatforms) = postSolution
		{8D63CEBA-D817-4F67-8FF8-31C76C1AA58D}.Debug|Any CPU.ActiveCfg = Debug|Any CPU
		{8D63CEBA-D817-4F67-8FF8-31C76C1AA58D}.Debug|Any CPU.Build.0 = Debug|Any CPU
		{8D63CEBA-D817-4F67-8FF8-31C76C1AA58D}.Release|Any CPU.ActiveCfg = Release|Any CPU
		{8D63CEBA-D817-4F67-8FF8-31C76C1AA58D}.Release|Any CPU.Build.0 = Release|Any CPU
	EndGlobalSection
	GlobalSection(SolutionProperties) = preSolution
		HideSolutionNode = FALSE
	EndGlobalSection
	GlobalSection(ExtensibilityGlobals) = postSolution
		SolutionGuid = {E172B0E2-DE0C-499C-87CC-D530721EBC3B}
	EndGlobalSection
EndGlobal
